// !$*UTF8*$!
{
	archiveVersion = 1;
	classes = {
	};
	objectVersion = 50;
	objects = {

/* Begin PBXBuildFile section */
		863414BE254ECA3B003C004F /* AppDelegate.swift in Sources */ = {isa = PBXBuildFile; fileRef = 863414BD254ECA3B003C004F /* AppDelegate.swift */; };
		863414C0254ECA3B003C004F /* SceneDelegate.swift in Sources */ = {isa = PBXBuildFile; fileRef = 863414BF254ECA3B003C004F /* SceneDelegate.swift */; };
		863414C2254ECA3B003C004F /* ViewController.swift in Sources */ = {isa = PBXBuildFile; fileRef = 863414C1254ECA3B003C004F /* ViewController.swift */; };
		863414C5254ECA3B003C004F /* Main.storyboard in Resources */ = {isa = PBXBuildFile; fileRef = 863414C3254ECA3B003C004F /* Main.storyboard */; };
		863414C7254ECA3D003C004F /* Assets.xcassets in Resources */ = {isa = PBXBuildFile; fileRef = 863414C6254ECA3D003C004F /* Assets.xcassets */; };
		863414CA254ECA3D003C004F /* LaunchScreen.storyboard in Resources */ = {isa = PBXBuildFile; fileRef = 863414C8254ECA3D003C004F /* LaunchScreen.storyboard */; };
		863414DA254F054C003C004F /* Calcul.swift in Sources */ = {isa = PBXBuildFile; fileRef = 863414D9254F054B003C004F /* Calcul.swift */; };
		863414E3254F0700003C004F /* MyCountOnMeTests.swift in Sources */ = {isa = PBXBuildFile; fileRef = 863414E2254F0700003C004F /* MyCountOnMeTests.swift */; };
		863414ED254F0717003C004F /* CalculTestCase.swift in Sources */ = {isa = PBXBuildFile; fileRef = 863414EC254F0717003C004F /* CalculTestCase.swift */; };
/* End PBXBuildFile section */

/* Begin PBXContainerItemProxy section */
		863414E5254F0700003C004F /* PBXContainerItemProxy */ = {
			isa = PBXContainerItemProxy;
			containerPortal = 863414B2254ECA3B003C004F /* Project object */;
			proxyType = 1;
			remoteGlobalIDString = 863414B9254ECA3B003C004F;
			remoteInfo = MyCountOnMe;
		};
/* End PBXContainerItemProxy section */

/* Begin PBXFileReference section */
		863414BA254ECA3B003C004F /* MyCountOnMe.app */ = {isa = PBXFileReference; explicitFileType = wrapper.application; includeInIndex = 0; path = MyCountOnMe.app; sourceTree = BUILT_PRODUCTS_DIR; };
		863414BD254ECA3B003C004F /* AppDelegate.swift */ = {isa = PBXFileReference; lastKnownFileType = sourcecode.swift; path = AppDelegate.swift; sourceTree = "<group>"; };
		863414BF254ECA3B003C004F /* SceneDelegate.swift */ = {isa = PBXFileReference; lastKnownFileType = sourcecode.swift; path = SceneDelegate.swift; sourceTree = "<group>"; };
		863414C1254ECA3B003C004F /* ViewController.swift */ = {isa = PBXFileReference; lastKnownFileType = sourcecode.swift; path = ViewController.swift; sourceTree = "<group>"; };
		863414C4254ECA3B003C004F /* Base */ = {isa = PBXFileReference; lastKnownFileType = file.storyboard; name = Base; path = Base.lproj/Main.storyboard; sourceTree = "<group>"; };
		863414C6254ECA3D003C004F /* Assets.xcassets */ = {isa = PBXFileReference; lastKnownFileType = folder.assetcatalog; path = Assets.xcassets; sourceTree = "<group>"; };
		863414C9254ECA3D003C004F /* Base */ = {isa = PBXFileReference; lastKnownFileType = file.storyboard; name = Base; path = Base.lproj/LaunchScreen.storyboard; sourceTree = "<group>"; };
		863414CB254ECA3D003C004F /* Info.plist */ = {isa = PBXFileReference; lastKnownFileType = text.plist.xml; path = Info.plist; sourceTree = "<group>"; };
		863414D9254F054B003C004F /* Calcul.swift */ = {isa = PBXFileReference; lastKnownFileType = sourcecode.swift; path = Calcul.swift; sourceTree = "<group>"; };
		863414E0254F0700003C004F /* MyCountOnMeTests.xctest */ = {isa = PBXFileReference; explicitFileType = wrapper.cfbundle; includeInIndex = 0; path = MyCountOnMeTests.xctest; sourceTree = BUILT_PRODUCTS_DIR; };
		863414E2254F0700003C004F /* MyCountOnMeTests.swift */ = {isa = PBXFileReference; lastKnownFileType = sourcecode.swift; path = MyCountOnMeTests.swift; sourceTree = "<group>"; };
		863414E4254F0700003C004F /* Info.plist */ = {isa = PBXFileReference; lastKnownFileType = text.plist.xml; path = Info.plist; sourceTree = "<group>"; };
		863414EC254F0717003C004F /* CalculTestCase.swift */ = {isa = PBXFileReference; lastKnownFileType = sourcecode.swift; path = CalculTestCase.swift; sourceTree = "<group>"; };
/* End PBXFileReference section */

/* Begin PBXFrameworksBuildPhase section */
		863414B7254ECA3B003C004F /* Frameworks */ = {
			isa = PBXFrameworksBuildPhase;
			buildActionMask = 2147483647;
			files = (
			);
			runOnlyForDeploymentPostprocessing = 0;
		};
		863414DD254F0700003C004F /* Frameworks */ = {
			isa = PBXFrameworksBuildPhase;
			buildActionMask = 2147483647;
			files = (
			);
			runOnlyForDeploymentPostprocessing = 0;
		};
/* End PBXFrameworksBuildPhase section */

/* Begin PBXGroup section */
		863414B1254ECA3B003C004F = {
			isa = PBXGroup;
			children = (
				863414BC254ECA3B003C004F /* MyCountOnMe */,
				863414E1254F0700003C004F /* MyCountOnMeTests */,
				863414BB254ECA3B003C004F /* Products */,
			);
			sourceTree = "<group>";
		};
		863414BB254ECA3B003C004F /* Products */ = {
			isa = PBXGroup;
			children = (
				863414BA254ECA3B003C004F /* MyCountOnMe.app */,
				863414E0254F0700003C004F /* MyCountOnMeTests.xctest */,
			);
			name = Products;
			sourceTree = "<group>";
		};
		863414BC254ECA3B003C004F /* MyCountOnMe */ = {
			isa = PBXGroup;
			children = (
				863414D2254ECA49003C004F /* Support */,
				863414D4254ECA53003C004F /* View */,
				863414D5254ECA5B003C004F /* Controller */,
				863414CB254ECA3D003C004F /* Info.plist */,
				863414D9254F054B003C004F /* Calcul.swift */,
			);
			path = MyCountOnMe;
			sourceTree = "<group>";
		};
		863414D2254ECA49003C004F /* Support */ = {
			isa = PBXGroup;
			children = (
				863414BD254ECA3B003C004F /* AppDelegate.swift */,
				863414BF254ECA3B003C004F /* SceneDelegate.swift */,
				863414C6254ECA3D003C004F /* Assets.xcassets */,
			);
			path = Support;
			sourceTree = "<group>";
		};
		863414D4254ECA53003C004F /* View */ = {
			isa = PBXGroup;
			children = (
				863414C3254ECA3B003C004F /* Main.storyboard */,
				863414C8254ECA3D003C004F /* LaunchScreen.storyboard */,
			);
			path = View;
			sourceTree = "<group>";
		};
		863414D5254ECA5B003C004F /* Controller */ = {
			isa = PBXGroup;
			children = (
				863414C1254ECA3B003C004F /* ViewController.swift */,
			);
			path = Controller;
			sourceTree = "<group>";
		};
		863414E1254F0700003C004F /* MyCountOnMeTests */ = {
			isa = PBXGroup;
			children = (
				863414E2254F0700003C004F /* MyCountOnMeTests.swift */,
				863414E4254F0700003C004F /* Info.plist */,
				863414EC254F0717003C004F /* CalculTestCase.swift */,
			);
			path = MyCountOnMeTests;
			sourceTree = "<group>";
		};
/* End PBXGroup section */

/* Begin PBXNativeTarget section */
		863414B9254ECA3B003C004F /* MyCountOnMe */ = {
			isa = PBXNativeTarget;
			buildConfigurationList = 863414CE254ECA3D003C004F /* Build configuration list for PBXNativeTarget "MyCountOnMe" */;
			buildPhases = (
				863414B6254ECA3B003C004F /* Sources */,
				863414B7254ECA3B003C004F /* Frameworks */,
				863414B8254ECA3B003C004F /* Resources */,
			);
			buildRules = (
			);
			dependencies = (
			);
			name = MyCountOnMe;
			productName = MyCountOnMe;
			productReference = 863414BA254ECA3B003C004F /* MyCountOnMe.app */;
			productType = "com.apple.product-type.application";
		};
		863414DF254F0700003C004F /* MyCountOnMeTests */ = {
			isa = PBXNativeTarget;
			buildConfigurationList = 863414E7254F0700003C004F /* Build configuration list for PBXNativeTarget "MyCountOnMeTests" */;
			buildPhases = (
				863414DC254F0700003C004F /* Sources */,
				863414DD254F0700003C004F /* Frameworks */,
				863414DE254F0700003C004F /* Resources */,
			);
			buildRules = (
			);
			dependencies = (
				863414E6254F0700003C004F /* PBXTargetDependency */,
			);
			name = MyCountOnMeTests;
			productName = MyCountOnMeTests;
			productReference = 863414E0254F0700003C004F /* MyCountOnMeTests.xctest */;
			productType = "com.apple.product-type.bundle.unit-test";
		};
/* End PBXNativeTarget section */

/* Begin PBXProject section */
		863414B2254ECA3B003C004F /* Project object */ = {
			isa = PBXProject;
			attributes = {
				LastSwiftUpdateCheck = 1200;
				LastUpgradeCheck = 1200;
				TargetAttributes = {
					863414B9254ECA3B003C004F = {
						CreatedOnToolsVersion = 12.0;
					};
					863414DF254F0700003C004F = {
						CreatedOnToolsVersion = 12.0;
						TestTargetID = 863414B9254ECA3B003C004F;
					};
				};
			};
			buildConfigurationList = 863414B5254ECA3B003C004F /* Build configuration list for PBXProject "MyCountOnMe" */;
			compatibilityVersion = "Xcode 9.3";
			developmentRegion = en;
			hasScannedForEncodings = 0;
			knownRegions = (
				en,
				Base,
			);
			mainGroup = 863414B1254ECA3B003C004F;
			productRefGroup = 863414BB254ECA3B003C004F /* Products */;
			projectDirPath = "";
			projectRoot = "";
			targets = (
				863414B9254ECA3B003C004F /* MyCountOnMe */,
				863414DF254F0700003C004F /* MyCountOnMeTests */,
			);
		};
/* End PBXProject section */

/* Begin PBXResourcesBuildPhase section */
		863414B8254ECA3B003C004F /* Resources */ = {
			isa = PBXResourcesBuildPhase;
			buildActionMask = 2147483647;
			files = (
				863414CA254ECA3D003C004F /* LaunchScreen.storyboard in Resources */,
				863414C7254ECA3D003C004F /* Assets.xcassets in Resources */,
				863414C5254ECA3B003C004F /* Main.storyboard in Resources */,
			);
			runOnlyForDeploymentPostprocessing = 0;
		};
		863414DE254F0700003C004F /* Resources */ = {
			isa = PBXResourcesBuildPhase;
			buildActionMask = 2147483647;
			files = (
			);
			runOnlyForDeploymentPostprocessing = 0;
		};
/* End PBXResourcesBuildPhase section */

/* Begin PBXSourcesBuildPhase section */
		863414B6254ECA3B003C004F /* Sources */ = {
			isa = PBXSourcesBuildPhase;
			buildActionMask = 2147483647;
			files = (
				863414C2254ECA3B003C004F /* ViewController.swift in Sources */,
				863414BE254ECA3B003C004F /* AppDelegate.swift in Sources */,
				863414C0254ECA3B003C004F /* SceneDelegate.swift in Sources */,
				863414DA254F054C003C004F /* Calcul.swift in Sources */,
			);
			runOnlyForDeploymentPostprocessing = 0;
		};
		863414DC254F0700003C004F /* Sources */ = {
			isa = PBXSourcesBuildPhase;
			buildActionMask = 2147483647;
			files = (
				863414E3254F0700003C004F /* MyCountOnMeTests.swift in Sources */,
				863414ED254F0717003C004F /* CalculTestCase.swift in Sources */,
			);
			runOnlyForDeploymentPostprocessing = 0;
		};
/* End PBXSourcesBuildPhase section */

/* Begin PBXTargetDependency section */
		863414E6254F0700003C004F /* PBXTargetDependency */ = {
			isa = PBXTargetDependency;
			target = 863414B9254ECA3B003C004F /* MyCountOnMe */;
			targetProxy = 863414E5254F0700003C004F /* PBXContainerItemProxy */;
		};
/* End PBXTargetDependency section */

/* Begin PBXVariantGroup section */
		863414C3254ECA3B003C004F /* Main.storyboard */ = {
			isa = PBXVariantGroup;
			children = (
				863414C4254ECA3B003C004F /* Base */,
			);
			name = Main.storyboard;
			sourceTree = "<group>";
		};
		863414C8254ECA3D003C004F /* LaunchScreen.storyboard */ = {
			isa = PBXVariantGroup;
			children = (
				863414C9254ECA3D003C004F /* Base */,
			);
			name = LaunchScreen.storyboard;
			sourceTree = "<group>";
		};
/* End PBXVariantGroup section */

/* Begin XCBuildConfiguration section */
		863414CC254ECA3D003C004F /* Debug */ = {
			isa = XCBuildConfiguration;
			buildSettings = {
				ALWAYS_SEARCH_USER_PATHS = NO;
				CLANG_ANALYZER_NONNULL = YES;
				CLANG_ANALYZER_NUMBER_OBJECT_CONVERSION = YES_AGGRESSIVE;
				CLANG_CXX_LANGUAGE_STANDARD = "gnu++14";
				CLANG_CXX_LIBRARY = "libc++";
				CLANG_ENABLE_MODULES = YES;
				CLANG_ENABLE_OBJC_ARC = YES;
				CLANG_ENABLE_OBJC_WEAK = YES;
				CLANG_WARN_BLOCK_CAPTURE_AUTORELEASING = YES;
				CLANG_WARN_BOOL_CONVERSION = YES;
				CLANG_WARN_COMMA = YES;
				CLANG_WARN_CONSTANT_CONVERSION = YES;
				CLANG_WARN_DEPRECATED_OBJC_IMPLEMENTATIONS = YES;
				CLANG_WARN_DIRECT_OBJC_ISA_USAGE = YES_ERROR;
				CLANG_WARN_DOCUMENTATION_COMMENTS = YES;
				CLANG_WARN_EMPTY_BODY = YES;
				CLANG_WARN_ENUM_CONVERSION = YES;
				CLANG_WARN_INFINITE_RECURSION = YES;
				CLANG_WARN_INT_CONVERSION = YES;
				CLANG_WARN_NON_LITERAL_NULL_CONVERSION = YES;
				CLANG_WARN_OBJC_IMPLICIT_RETAIN_SELF = YES;
				CLANG_WARN_OBJC_LITERAL_CONVERSION = YES;
				CLANG_WARN_OBJC_ROOT_CLASS = YES_ERROR;
				CLANG_WARN_QUOTED_INCLUDE_IN_FRAMEWORK_HEADER = YES;
				CLANG_WARN_RANGE_LOOP_ANALYSIS = YES;
				CLANG_WARN_STRICT_PROTOTYPES = YES;
				CLANG_WARN_SUSPICIOUS_MOVE = YES;
				CLANG_WARN_UNGUARDED_AVAILABILITY = YES_AGGRESSIVE;
				CLANG_WARN_UNREACHABLE_CODE = YES;
				CLANG_WARN__DUPLICATE_METHOD_MATCH = YES;
				COPY_PHASE_STRIP = NO;
				DEBUG_INFORMATION_FORMAT = dwarf;
				ENABLE_STRICT_OBJC_MSGSEND = YES;
				ENABLE_TESTABILITY = YES;
				GCC_C_LANGUAGE_STANDARD = gnu11;
				GCC_DYNAMIC_NO_PIC = NO;
				GCC_NO_COMMON_BLOCKS = YES;
				GCC_OPTIMIZATION_LEVEL = 0;
				GCC_PREPROCESSOR_DEFINITIONS = (
					"DEBUG=1",
					"$(inherited)",
				);
				GCC_WARN_64_TO_32_BIT_CONVERSION = YES;
				GCC_WARN_ABOUT_RETURN_TYPE = YES_ERROR;
				GCC_WARN_UNDECLARED_SELECTOR = YES;
				GCC_WARN_UNINITIALIZED_AUTOS = YES_AGGRESSIVE;
				GCC_WARN_UNUSED_FUNCTION = YES;
				GCC_WARN_UNUSED_VARIABLE = YES;
				IPHONEOS_DEPLOYMENT_TARGET = 14.0;
				MTL_ENABLE_DEBUG_INFO = INCLUDE_SOURCE;
				MTL_FAST_MATH = YES;
				ONLY_ACTIVE_ARCH = YES;
				SDKROOT = iphoneos;
				SWIFT_ACTIVE_COMPILATION_CONDITIONS = DEBUG;
				SWIFT_OPTIMIZATION_LEVEL = "-Onone";
			};
			name = Debug;
		};
		863414CD254ECA3D003C004F /* Release */ = {
			isa = XCBuildConfiguration;
			buildSettings = {
				ALWAYS_SEARCH_USER_PATHS = NO;
				CLANG_ANALYZER_NONNULL = YES;
				CLANG_ANALYZER_NUMBER_OBJECT_CONVERSION = YES_AGGRESSIVE;
				CLANG_CXX_LANGUAGE_STANDARD = "gnu++14";
				CLANG_CXX_LIBRARY = "libc++";
				CLANG_ENABLE_MODULES = YES;
				CLANG_ENABLE_OBJC_ARC = YES;
				CLANG_ENABLE_OBJC_WEAK = YES;
				CLANG_WARN_BLOCK_CAPTURE_AUTORELEASING = YES;
				CLANG_WARN_BOOL_CONVERSION = YES;
				CLANG_WARN_COMMA = YES;
				CLANG_WARN_CONSTANT_CONVERSION = YES;
				CLANG_WARN_DEPRECATED_OBJC_IMPLEMENTATIONS = YES;
				CLANG_WARN_DIRECT_OBJC_ISA_USAGE = YES_ERROR;
				CLANG_WARN_DOCUMENTATION_COMMENTS = YES;
				CLANG_WARN_EMPTY_BODY = YES;
				CLANG_WARN_ENUM_CONVERSION = YES;
				CLANG_WARN_INFINITE_RECURSION = YES;
				CLANG_WARN_INT_CONVERSION = YES;
				CLANG_WARN_NON_LITERAL_NULL_CONVERSION = YES;
				CLANG_WARN_OBJC_IMPLICIT_RETAIN_SELF = YES;
				CLANG_WARN_OBJC_LITERAL_CONVERSION = YES;
				CLANG_WARN_OBJC_ROOT_CLASS = YES_ERROR;
				CLANG_WARN_QUOTED_INCLUDE_IN_FRAMEWORK_HEADER = YES;
				CLANG_WARN_RANGE_LOOP_ANALYSIS = YES;
				CLANG_WARN_STRICT_PROTOTYPES = YES;
				CLANG_WARN_SUSPICIOUS_MOVE = YES;
				CLANG_WARN_UNGUARDED_AVAILABILITY = YES_AGGRESSIVE;
				CLANG_WARN_UNREACHABLE_CODE = YES;
				CLANG_WARN__DUPLICATE_METHOD_MATCH = YES;
				COPY_PHASE_STRIP = NO;
				DEBUG_INFORMATION_FORMAT = "dwarf-with-dsym";
				ENABLE_NS_ASSERTIONS = NO;
				ENABLE_STRICT_OBJC_MSGSEND = YES;
				GCC_C_LANGUAGE_STANDARD = gnu11;
				GCC_NO_COMMON_BLOCKS = YES;
				GCC_WARN_64_TO_32_BIT_CONVERSION = YES;
				GCC_WARN_ABOUT_RETURN_TYPE = YES_ERROR;
				GCC_WARN_UNDECLARED_SELECTOR = YES;
				GCC_WARN_UNINITIALIZED_AUTOS = YES_AGGRESSIVE;
				GCC_WARN_UNUSED_FUNCTION = YES;
				GCC_WARN_UNUSED_VARIABLE = YES;
				IPHONEOS_DEPLOYMENT_TARGET = 14.0;
				MTL_ENABLE_DEBUG_INFO = NO;
				MTL_FAST_MATH = YES;
				SDKROOT = iphoneos;
				SWIFT_COMPILATION_MODE = wholemodule;
				SWIFT_OPTIMIZATION_LEVEL = "-O";
				VALIDATE_PRODUCT = YES;
			};
			name = Release;
		};
		863414CF254ECA3D003C004F /* Debug */ = {
			isa = XCBuildConfiguration;
			buildSettings = {
				ASSETCATALOG_COMPILER_APPICON_NAME = AppIcon;
				ASSETCATALOG_COMPILER_GLOBAL_ACCENT_COLOR_NAME = AccentColor;
				CODE_SIGN_STYLE = Automatic;
				DEVELOPMENT_TEAM = N96T5K2D2H;
				INFOPLIST_FILE = MyCountOnMe/Info.plist;
				LD_RUNPATH_SEARCH_PATHS = (
					"$(inherited)",
					"@executable_path/Frameworks",
				);
				PRODUCT_BUNDLE_IDENTIFIER = oriapy.MyCountOnMe;
				PRODUCT_NAME = "$(TARGET_NAME)";
				SWIFT_VERSION = 5.0;
				TARGETED_DEVICE_FAMILY = "1,2";
			};
			name = Debug;
		};
		863414D0254ECA3D003C004F /* Release */ = {
			isa = XCBuildConfiguration;
			buildSettings = {
				ASSETCATALOG_COMPILER_APPICON_NAME = AppIcon;
				ASSETCATALOG_COMPILER_GLOBAL_ACCENT_COLOR_NAME = AccentColor;
				CODE_SIGN_STYLE = Automatic;
				DEVELOPMENT_TEAM = N96T5K2D2H;
				INFOPLIST_FILE = MyCountOnMe/Info.plist;
				LD_RUNPATH_SEARCH_PATHS = (
					"$(inherited)",
					"@executable_path/Frameworks",
				);
				PRODUCT_BUNDLE_IDENTIFIER = oriapy.MyCountOnMe;
				PRODUCT_NAME = "$(TARGET_NAME)";
				SWIFT_VERSION = 5.0;
				TARGETED_DEVICE_FAMILY = "1,2";
			};
			name = Release;
		};
		863414E8254F0700003C004F /* Debug */ = {
			isa = XCBuildConfiguration;
			buildSettings = {
				BUNDLE_LOADER = "$(TEST_HOST)";
				CODE_SIGN_STYLE = Automatic;
				DEVELOPMENT_TEAM = N96T5K2D2H;
				INFOPLIST_FILE = MyCountOnMeTests/Info.plist;
				LD_RUNPATH_SEARCH_PATHS = (
					"$(inherited)",
					"@executable_path/Frameworks",
					"@loader_path/Frameworks",
				);
				PRODUCT_BUNDLE_IDENTIFIER = oriapy.MyCountOnMeTests;
				PRODUCT_NAME = "$(TARGET_NAME)";
				SWIFT_VERSION = 5.0;
				TARGETED_DEVICE_FAMILY = "1,2";
				TEST_HOST = "$(BUILT_PRODUCTS_DIR)/MyCountOnMe.app/MyCountOnMe";
			};
			name = Debug;
		};
		863414E9254F0700003C004F /* Release */ = {
			isa = XCBuildConfiguration;
			buildSettings = {
				BUNDLE_LOADER = "$(TEST_HOST)";
				CODE_SIGN_STYLE = Automatic;
				DEVELOPMENT_TEAM = N96T5K2D2H;
				INFOPLIST_FILE = MyCountOnMeTests/Info.plist;
				LD_RUNPATH_SEARCH_PATHS = (
					"$(inherited)",
					"@executable_path/Frameworks",
					"@loader_path/Frameworks",
				);
				PRODUCT_BUNDLE_IDENTIFIER = oriapy.MyCountOnMeTests;
				PRODUCT_NAME = "$(TARGET_NAME)";
				SWIFT_VERSION = 5.0;
				TARGETED_DEVICE_FAMILY = "1,2";
				TEST_HOST = "$(BUILT_PRODUCTS_DIR)/MyCountOnMe.app/MyCountOnMe";
			};
			name = Release;
		};
/* End XCBuildConfiguration section */

/* Begin XCConfigurationList section */
		863414B5254ECA3B003C004F /* Build configuration list for PBXProject "MyCountOnMe" */ = {
			isa = XCConfigurationList;
			buildConfigurations = (
				863414CC254ECA3D003C004F /* Debug */,
				863414CD254ECA3D003C004F /* Release */,
			);
			defaultConfigurationIsVisible = 0;
			defaultConfigurationName = Release;
		};
		863414CE254ECA3D003C004F /* Build configuration list for PBXNativeTarget "MyCountOnMe" */ = {
			isa = XCConfigurationList;
			buildConfigurations = (
				863414CF254ECA3D003C004F /* Debug */,
				863414D0254ECA3D003C004F /* Release */,
			);
			defaultConfigurationIsVisible = 0;
			defaultConfigurationName = Release;
		};
		863414E7254F0700003C004F /* Build configuration list for PBXNativeTarget "MyCountOnMeTests" */ = {
			isa = XCConfigurationList;
			buildConfigurations = (
				863414E8254F0700003C004F /* Debug */,
				863414E9254F0700003C004F /* Release */,
			);
			defaultConfigurationIsVisible = 0;
			defaultConfigurationName = Release;
		};
/* End XCConfigurationList section */
	};
	rootObject = 863414B2254ECA3B003C004F /* Project object */;
}
